
Microsoft Visual Studio Solution File, Format Version 12.00
# Visual Studio Version 17
VisualStudioVersion = 17.8.34316.72
MinimumVisualStudioVersion = 10.0.40219.1
Project("{FAE04EC0-301F-11D3-BF4B-00C04F79EFBC}") = "TruePriceWinForms", "TruePriceWinForms.csproj", "{EB69C2CE-44FC-44AF-96BA-07C18D5A8681}"
EndProject
Global
	GlobalSection(SolutionConfigurationPlatforms) = preSolution
		Debug|Any CPU = Debug|Any CPU
		Release|Any CPU = Release|Any CPU
	EndGlobalSection
	GlobalSection(ProjectConfigurationPlatforms) = postSolution
		{EB69C2CE-44FC-44AF-96BA-07C18D5A8681}.Debug|Any CPU.ActiveCfg = Debug|Any CPU
		{EB69C2CE-44FC-44AF-96BA-07C18D5A8681}.Debug|Any CPU.Build.0 = Debug|Any CPU
		{EB69C2CE-44FC-44AF-96BA-07C18D5A8681}.Release|Any CPU.ActiveCfg = Release|Any CPU
		{EB69C2CE-44FC-44AF-96BA-07C18D5A8681}.Release|Any CPU.Build.0 = Release|Any CPU
	EndGlobalSection
	GlobalSection(SolutionProperties) = preSolution
		HideSolutionNode = FALSE
	EndGlobalSection
	GlobalSection(ExtensibilityGlobals) = postSolution
		SolutionGuid = {FE36D1CE-E000-449F-AD1E-484B91275CF0}
	EndGlobalSection
EndGlobal
